
Microsoft Visual Studio Solution File, Format Version 12.00
# Visual Studio 15
VisualStudioVersion = 15.0.26228.4
MinimumVisualStudioVersion = 10.0.40219.1
Project("{FAE04EC0-301F-11D3-BF4B-00C04F79EFBC}") = "ParseNodes", "src\ParseNodes\ParseNodes.csproj", "{CBF9C815-2794-442F-8AC2-F5FD2806FA0F}"
EndProject
Project("{FAE04EC0-301F-11D3-BF4B-00C04F79EFBC}") = "ParseNodes.Tests", "src\ParseNodes.Tests\ParseNodes.Tests.csproj", "{228E8DAC-5BB0-43AC-97C4-78DAAC6583F5}"
EndProject
Project("{FAE04EC0-301F-11D3-BF4B-00C04F79EFBC}") = "ParseNodes.WinForms", "src\ParseNodes.WinForms\ParseNodes.WinForms.csproj", "{8894EE0A-2BDE-4E88-B2DF-7F49E92B30E8}"
EndProject
Global
	GlobalSection(SolutionConfigurationPlatforms) = preSolution
		Debug|Any CPU = Debug|Any CPU
		Release|Any CPU = Release|Any CPU
	EndGlobalSection
	GlobalSection(ProjectConfigurationPlatforms) = postSolution
		{CBF9C815-2794-442F-8AC2-F5FD2806FA0F}.Debug|Any CPU.ActiveCfg = Debug|Any CPU
		{CBF9C815-2794-442F-8AC2-F5FD2806FA0F}.Debug|Any CPU.Build.0 = Debug|Any CPU
		{CBF9C815-2794-442F-8AC2-F5FD2806FA0F}.Release|Any CPU.ActiveCfg = Release|Any CPU
		{CBF9C815-2794-442F-8AC2-F5FD2806FA0F}.Release|Any CPU.Build.0 = Release|Any CPU
		{228E8DAC-5BB0-43AC-97C4-78DAAC6583F5}.Debug|Any CPU.ActiveCfg = Debug|Any CPU
		{228E8DAC-5BB0-43AC-97C4-78DAAC6583F5}.Debug|Any CPU.Build.0 = Debug|Any CPU
		{228E8DAC-5BB0-43AC-97C4-78DAAC6583F5}.Release|Any CPU.ActiveCfg = Release|Any CPU
		{228E8DAC-5BB0-43AC-97C4-78DAAC6583F5}.Release|Any CPU.Build.0 = Release|Any CPU
		{8894EE0A-2BDE-4E88-B2DF-7F49E92B30E8}.Debug|Any CPU.ActiveCfg = Debug|Any CPU
		{8894EE0A-2BDE-4E88-B2DF-7F49E92B30E8}.Debug|Any CPU.Build.0 = Debug|Any CPU
		{8894EE0A-2BDE-4E88-B2DF-7F49E92B30E8}.Release|Any CPU.ActiveCfg = Release|Any CPU
		{8894EE0A-2BDE-4E88-B2DF-7F49E92B30E8}.Release|Any CPU.Build.0 = Release|Any CPU
	EndGlobalSection
	GlobalSection(SolutionProperties) = preSolution
		HideSolutionNode = FALSE
	EndGlobalSection
EndGlobal
